
Microsoft Visual Studio Solution File, Format Version 12.00
# Visual Studio Version 17
VisualStudioVersion = 17.2.32616.157
MinimumVisualStudioVersion = 10.0.40219.1
Project("{2150E333-8FDC-42A3-9474-1A3956D46DE8}") = "FrontEnd", "FrontEnd", "{E80F06A3-3959-4A16-9E4E-20EE3CE2E90A}"
EndProject
Project("{2150E333-8FDC-42A3-9474-1A3956D46DE8}") = "Services", "Services", "{6B1B19BA-7B99-4A1B-AFDA-C469643EC429}"
EndProject
Project("{FAE04EC0-301F-11D3-BF4B-00C04F79EFBC}") = "Mango.Web", "Mango.Web\Mango.Web.csproj", "{DE63383B-46F7-4B84-96E9-8DB98E594BEE}"
EndProject
Project("{FAE04EC0-301F-11D3-BF4B-00C04F79EFBC}") = "MangoServices.ProductAPI", "MangoServices.ProductAPI\MangoServices.ProductAPI.csproj", "{F7D8CB04-F3F2-49FB-A24E-FA6F02E451F2}"
EndProject
Global
	GlobalSection(SolutionConfigurationPlatforms) = preSolution
		Debug|Any CPU = Debug|Any CPU
		Release|Any CPU = Release|Any CPU
	EndGlobalSection
	GlobalSection(ProjectConfigurationPlatforms) = postSolution
		{DE63383B-46F7-4B84-96E9-8DB98E594BEE}.Debug|Any CPU.ActiveCfg = Debug|Any CPU
		{DE63383B-46F7-4B84-96E9-8DB98E594BEE}.Debug|Any CPU.Build.0 = Debug|Any CPU
		{DE63383B-46F7-4B84-96E9-8DB98E594BEE}.Release|Any CPU.ActiveCfg = Release|Any CPU
		{DE63383B-46F7-4B84-96E9-8DB98E594BEE}.Release|Any CPU.Build.0 = Release|Any CPU
		{F7D8CB04-F3F2-49FB-A24E-FA6F02E451F2}.Debug|Any CPU.ActiveCfg = Debug|Any CPU
		{F7D8CB04-F3F2-49FB-A24E-FA6F02E451F2}.Debug|Any CPU.Build.0 = Debug|Any CPU
		{F7D8CB04-F3F2-49FB-A24E-FA6F02E451F2}.Release|Any CPU.ActiveCfg = Release|Any CPU
		{F7D8CB04-F3F2-49FB-A24E-FA6F02E451F2}.Release|Any CPU.Build.0 = Release|Any CPU
	EndGlobalSection
	GlobalSection(SolutionProperties) = preSolution
		HideSolutionNode = FALSE
	EndGlobalSection
	GlobalSection(NestedProjects) = preSolution
		{DE63383B-46F7-4B84-96E9-8DB98E594BEE} = {E80F06A3-3959-4A16-9E4E-20EE3CE2E90A}
		{F7D8CB04-F3F2-49FB-A24E-FA6F02E451F2} = {6B1B19BA-7B99-4A1B-AFDA-C469643EC429}
	EndGlobalSection
	GlobalSection(ExtensibilityGlobals) = postSolution
		SolutionGuid = {BED36311-6DAF-48F3-98F0-809C3B16869E}
	EndGlobalSection
EndGlobal
